
Microsoft Visual Studio Solution File, Format Version 12.00
# Visual Studio Version 16
VisualStudioVersion = 16.0.31605.320
MinimumVisualStudioVersion = 10.0.40219.1
Project("{9A19103F-16F7-4668-BE54-9A1E7A4F7556}") = "Creational - Factory", "DesignPatterns\Creational - Factory.csproj", "{6F90A093-92F1-4ED6-B900-DC35AB73D1B9}"
EndProject
Global
	GlobalSection(SolutionConfigurationPlatforms) = preSolution
		Debug|Any CPU = Debug|Any CPU
		Release|Any CPU = Release|Any CPU
	EndGlobalSection
	GlobalSection(ProjectConfigurationPlatforms) = postSolution
		{6F90A093-92F1-4ED6-B900-DC35AB73D1B9}.Debug|Any CPU.ActiveCfg = Debug|Any CPU
		{6F90A093-92F1-4ED6-B900-DC35AB73D1B9}.Debug|Any CPU.Build.0 = Debug|Any CPU
		{6F90A093-92F1-4ED6-B900-DC35AB73D1B9}.Release|Any CPU.ActiveCfg = Release|Any CPU
		{6F90A093-92F1-4ED6-B900-DC35AB73D1B9}.Release|Any CPU.Build.0 = Release|Any CPU
	EndGlobalSection
	GlobalSection(SolutionProperties) = preSolution
		HideSolutionNode = FALSE
	EndGlobalSection
	GlobalSection(ExtensibilityGlobals) = postSolution
		SolutionGuid = {62F27DA8-661A-4585-873D-C08FD6F861D6}
	EndGlobalSection
EndGlobal
